
Microsoft Visual Studio Solution File, Format Version 12.00
# Visual Studio Version 16
VisualStudioVersion = 16.0.30204.135
MinimumVisualStudioVersion = 10.0.40219.1
Project("{FAE04EC0-301F-11D3-BF4B-00C04F79EFBC}") = "SE-Airlock", "SE-Airlock\SE-Airlock.csproj", "{3D71CE87-5313-4C7E-BDE3-553EC937412E}"
EndProject
Global
	GlobalSection(SolutionConfigurationPlatforms) = preSolution
		Debug|x64 = Debug|x64
	EndGlobalSection
	GlobalSection(ProjectConfigurationPlatforms) = postSolution
		{3D71CE87-5313-4C7E-BDE3-553EC937412E}.Debug|x64.ActiveCfg = Debug|x64
		{3D71CE87-5313-4C7E-BDE3-553EC937412E}.Debug|x64.Build.0 = Debug|x64
	EndGlobalSection
	GlobalSection(SolutionProperties) = preSolution
		HideSolutionNode = FALSE
	EndGlobalSection
	GlobalSection(ExtensibilityGlobals) = postSolution
		SolutionGuid = {AF343672-BAA4-49E6-920A-441968E20CF9}
	EndGlobalSection
EndGlobal
